// !$*UTF8*$!
{
	archiveVersion = 1;
	classes = {
	};
	objectVersion = 46;
	objects = {

/* Begin PBXBuildFile section */
		38AFB3501EA8874C0023387A /* CalendarViewController.m in Sources */ = {isa = PBXBuildFile; fileRef = 38AFB34F1EA8874C0023387A /* CalendarViewController.m */; };
		38AFB3521EA8A2200023387A /* Calendar.storyboard in Resources */ = {isa = PBXBuildFile; fileRef = 38AFB3511EA8A2200023387A /* Calendar.storyboard */; };
		38AFB3541EA8A24D0023387A /* LaunchScreen.storyboard in Resources */ = {isa = PBXBuildFile; fileRef = 38AFB3531EA8A24D0023387A /* LaunchScreen.storyboard */; };
		38AFB62A1E9B0A8C005EB3B5 /* main.m in Sources */ = {isa = PBXBuildFile; fileRef = 38AFB6291E9B0A8C005EB3B5 /* main.m */; };
		38AFB62D1E9B0A8C005EB3B5 /* AppDelegate.m in Sources */ = {isa = PBXBuildFile; fileRef = 38AFB62C1E9B0A8C005EB3B5 /* AppDelegate.m */; };
		38AFB6351E9B0A8C005EB3B5 /* Assets.xcassets in Resources */ = {isa = PBXBuildFile; fileRef = 38AFB6341E9B0A8C005EB3B5 /* Assets.xcassets */; };
		38AFB6431E9B0A8C005EB3B5 /* CalendarTests.m in Sources */ = {isa = PBXBuildFile; fileRef = 38AFB6421E9B0A8C005EB3B5 /* CalendarTests.m */; };
		38AFB64E1E9B0A8C005EB3B5 /* CalendarUITests.m in Sources */ = {isa = PBXBuildFile; fileRef = 38AFB64D1E9B0A8C005EB3B5 /* CalendarUITests.m */; };
		38AFB65E1E9B0C7A005EB3B5 /* DayCell.m in Sources */ = {isa = PBXBuildFile; fileRef = 38AFB65C1E9B0C7A005EB3B5 /* DayCell.m */; };
		38AFB65F1E9B0C7A005EB3B5 /* DayCell.xib in Resources */ = {isa = PBXBuildFile; fileRef = 38AFB65D1E9B0C7A005EB3B5 /* DayCell.xib */; };
		38AFB6661E9C3690005EB3B5 /* CalendarLogic.m in Sources */ = {isa = PBXBuildFile; fileRef = 38AFB6651E9C3690005EB3B5 /* CalendarLogic.m */; };
		38F6E0B31E9D1CBE00DD8BF4 /* CalendarViewDataSource.m in Sources */ = {isa = PBXBuildFile; fileRef = 38F6E0B21E9D1CBE00DD8BF4 /* CalendarViewDataSource.m */; };
		38F6E0BF1E9F355400DD8BF4 /* NSString+Localizable.m in Sources */ = {isa = PBXBuildFile; fileRef = 38F6E0BE1E9F355400DD8BF4 /* NSString+Localizable.m */; };
		38F6E0C21E9F35BF00DD8BF4 /* NSDate+Calendar.m in Sources */ = {isa = PBXBuildFile; fileRef = 38F6E0C11E9F35BF00DD8BF4 /* NSDate+Calendar.m */; };
/* End PBXBuildFile section */

/* Begin PBXContainerItemProxy section */
		38AFB63F1E9B0A8C005EB3B5 /* PBXContainerItemProxy */ = {
			isa = PBXContainerItemProxy;
			containerPortal = 38AFB61D1E9B0A8C005EB3B5 /* Project object */;
			proxyType = 1;
			remoteGlobalIDString = 38AFB6241E9B0A8C005EB3B5;
			remoteInfo = Calendar;
		};
		38AFB64A1E9B0A8C005EB3B5 /* PBXContainerItemProxy */ = {
			isa = PBXContainerItemProxy;
			containerPortal = 38AFB61D1E9B0A8C005EB3B5 /* Project object */;
			proxyType = 1;
			remoteGlobalIDString = 38AFB6241E9B0A8C005EB3B5;
			remoteInfo = Calendar;
		};
/* End PBXContainerItemProxy section */

/* Begin PBXFileReference section */
		38AFB34E1EA8874C0023387A /* CalendarViewController.h */ = {isa = PBXFileReference; fileEncoding = 4; lastKnownFileType = sourcecode.c.h; path = CalendarViewController.h; sourceTree = "<group>"; };
		38AFB34F1EA8874C0023387A /* CalendarViewController.m */ = {isa = PBXFileReference; fileEncoding = 4; lastKnownFileType = sourcecode.c.objc; path = CalendarViewController.m; sourceTree = "<group>"; };
		38AFB3511EA8A2200023387A /* Calendar.storyboard */ = {isa = PBXFileReference; fileEncoding = 4; lastKnownFileType = file.storyboard; path = Calendar.storyboard; sourceTree = "<group>"; };
		38AFB3531EA8A24D0023387A /* LaunchScreen.storyboard */ = {isa = PBXFileReference; fileEncoding = 4; lastKnownFileType = file.storyboard; path = LaunchScreen.storyboard; sourceTree = "<group>"; };
		38AFB6251E9B0A8C005EB3B5 /* Calendar.app */ = {isa = PBXFileReference; explicitFileType = wrapper.application; includeInIndex = 0; path = Calendar.app; sourceTree = BUILT_PRODUCTS_DIR; };
		38AFB6291E9B0A8C005EB3B5 /* main.m */ = {isa = PBXFileReference; lastKnownFileType = sourcecode.c.objc; path = main.m; sourceTree = "<group>"; };
		38AFB62B1E9B0A8C005EB3B5 /* AppDelegate.h */ = {isa = PBXFileReference; lastKnownFileType = sourcecode.c.h; path = AppDelegate.h; sourceTree = "<group>"; };
		38AFB62C1E9B0A8C005EB3B5 /* AppDelegate.m */ = {isa = PBXFileReference; lastKnownFileType = sourcecode.c.objc; path = AppDelegate.m; sourceTree = "<group>"; };
		38AFB6341E9B0A8C005EB3B5 /* Assets.xcassets */ = {isa = PBXFileReference; lastKnownFileType = folder.assetcatalog; path = Assets.xcassets; sourceTree = "<group>"; };
		38AFB6391E9B0A8C005EB3B5 /* Info.plist */ = {isa = PBXFileReference; lastKnownFileType = text.plist.xml; path = Info.plist; sourceTree = "<group>"; };
		38AFB63E1E9B0A8C005EB3B5 /* CalendarTests.xctest */ = {isa = PBXFileReference; explicitFileType = wrapper.cfbundle; includeInIndex = 0; path = CalendarTests.xctest; sourceTree = BUILT_PRODUCTS_DIR; };
		38AFB6421E9B0A8C005EB3B5 /* CalendarTests.m */ = {isa = PBXFileReference; lastKnownFileType = sourcecode.c.objc; path = CalendarTests.m; sourceTree = "<group>"; };
		38AFB6441E9B0A8C005EB3B5 /* Info.plist */ = {isa = PBXFileReference; lastKnownFileType = text.plist.xml; path = Info.plist; sourceTree = "<group>"; };
		38AFB6491E9B0A8C005EB3B5 /* CalendarUITests.xctest */ = {isa = PBXFileReference; explicitFileType = wrapper.cfbundle; includeInIndex = 0; path = CalendarUITests.xctest; sourceTree = BUILT_PRODUCTS_DIR; };
		38AFB64D1E9B0A8C005EB3B5 /* CalendarUITests.m */ = {isa = PBXFileReference; lastKnownFileType = sourcecode.c.objc; path = CalendarUITests.m; sourceTree = "<group>"; };
		38AFB64F1E9B0A8C005EB3B5 /* Info.plist */ = {isa = PBXFileReference; lastKnownFileType = text.plist.xml; path = Info.plist; sourceTree = "<group>"; };
		38AFB65B1E9B0C7A005EB3B5 /* DayCell.h */ = {isa = PBXFileReference; fileEncoding = 4; lastKnownFileType = sourcecode.c.h; path = DayCell.h; sourceTree = "<group>"; };
		38AFB65C1E9B0C7A005EB3B5 /* DayCell.m */ = {isa = PBXFileReference; fileEncoding = 4; lastKnownFileType = sourcecode.c.objc; path = DayCell.m; sourceTree = "<group>"; };
		38AFB65D1E9B0C7A005EB3B5 /* DayCell.xib */ = {isa = PBXFileReference; fileEncoding = 4; lastKnownFileType = file.xib; path = DayCell.xib; sourceTree = "<group>"; };
		38AFB6641E9C3690005EB3B5 /* CalendarLogic.h */ = {isa = PBXFileReference; fileEncoding = 4; lastKnownFileType = sourcecode.c.h; path = CalendarLogic.h; sourceTree = "<group>"; };
		38AFB6651E9C3690005EB3B5 /* CalendarLogic.m */ = {isa = PBXFileReference; fileEncoding = 4; lastKnownFileType = sourcecode.c.objc; path = CalendarLogic.m; sourceTree = "<group>"; };
		38F6E0B11E9D1CBE00DD8BF4 /* CalendarViewDataSource.h */ = {isa = PBXFileReference; fileEncoding = 4; lastKnownFileType = sourcecode.c.h; path = CalendarViewDataSource.h; sourceTree = "<group>"; };
		38F6E0B21E9D1CBE00DD8BF4 /* CalendarViewDataSource.m */ = {isa = PBXFileReference; fileEncoding = 4; lastKnownFileType = sourcecode.c.objc; path = CalendarViewDataSource.m; sourceTree = "<group>"; };
		38F6E0BD1E9F355400DD8BF4 /* NSString+Localizable.h */ = {isa = PBXFileReference; fileEncoding = 4; lastKnownFileType = sourcecode.c.h; path = "NSString+Localizable.h"; sourceTree = "<group>"; };
		38F6E0BE1E9F355400DD8BF4 /* NSString+Localizable.m */ = {isa = PBXFileReference; fileEncoding = 4; lastKnownFileType = sourcecode.c.objc; path = "NSString+Localizable.m"; sourceTree = "<group>"; };
		38F6E0C01E9F35BF00DD8BF4 /* NSDate+Calendar.h */ = {isa = PBXFileReference; fileEncoding = 4; lastKnownFileType = sourcecode.c.h; path = "NSDate+Calendar.h"; sourceTree = "<group>"; };
		38F6E0C11E9F35BF00DD8BF4 /* NSDate+Calendar.m */ = {isa = PBXFileReference; fileEncoding = 4; lastKnownFileType = sourcecode.c.objc; path = "NSDate+Calendar.m"; sourceTree = "<group>"; };
/* End PBXFileReference section */

/* Begin PBXFrameworksBuildPhase section */
		38AFB6221E9B0A8C005EB3B5 /* Frameworks */ = {
			isa = PBXFrameworksBuildPhase;
			buildActionMask = 2147483647;
			files = (
			);
			runOnlyForDeploymentPostprocessing = 0;
		};
		38AFB63B1E9B0A8C005EB3B5 /* Frameworks */ = {
			isa = PBXFrameworksBuildPhase;
			buildActionMask = 2147483647;
			files = (
			);
			runOnlyForDeploymentPostprocessing = 0;
		};
		38AFB6461E9B0A8C005EB3B5 /* Frameworks */ = {
			isa = PBXFrameworksBuildPhase;
			buildActionMask = 2147483647;
			files = (
			);
			runOnlyForDeploymentPostprocessing = 0;
		};
/* End PBXFrameworksBuildPhase section */

/* Begin PBXGroup section */
		38AFB3491EA8820B0023387A /* ViewController */ = {
			isa = PBXGroup;
			children = (
				38AFB34E1EA8874C0023387A /* CalendarViewController.h */,
				38AFB34F1EA8874C0023387A /* CalendarViewController.m */,
			);
			path = ViewController;
			sourceTree = "<group>";
		};
		38AFB34A1EA882980023387A /* View */ = {
			isa = PBXGroup;
			children = (
				38F6E0B11E9D1CBE00DD8BF4 /* CalendarViewDataSource.h */,
				38F6E0B21E9D1CBE00DD8BF4 /* CalendarViewDataSource.m */,
				38AFB65B1E9B0C7A005EB3B5 /* DayCell.h */,
				38AFB65C1E9B0C7A005EB3B5 /* DayCell.m */,
				38AFB65D1E9B0C7A005EB3B5 /* DayCell.xib */,
			);
			path = View;
			sourceTree = "<group>";
		};
		38AFB34B1EA883F00023387A /* StoryBoard */ = {
			isa = PBXGroup;
			children = (
				38AFB3511EA8A2200023387A /* Calendar.storyboard */,
				38AFB3531EA8A24D0023387A /* LaunchScreen.storyboard */,
			);
			path = StoryBoard;
			sourceTree = "<group>";
		};
		38AFB34C1EA884A90023387A /* Category */ = {
			isa = PBXGroup;
			children = (
				38F6E0BD1E9F355400DD8BF4 /* NSString+Localizable.h */,
				38F6E0BE1E9F355400DD8BF4 /* NSString+Localizable.m */,
				38F6E0C01E9F35BF00DD8BF4 /* NSDate+Calendar.h */,
				38F6E0C11E9F35BF00DD8BF4 /* NSDate+Calendar.m */,
			);
			path = Category;
			sourceTree = "<group>";
		};
		38AFB34D1EA884E80023387A /* Others */ = {
			isa = PBXGroup;
			children = (
				38AFB62B1E9B0A8C005EB3B5 /* AppDelegate.h */,
				38AFB62C1E9B0A8C005EB3B5 /* AppDelegate.m */,
				38AFB6391E9B0A8C005EB3B5 /* Info.plist */,
				38AFB6291E9B0A8C005EB3B5 /* main.m */,
			);
			path = Others;
			sourceTree = "<group>";
		};
		38AFB61C1E9B0A8C005EB3B5 = {
			isa = PBXGroup;
			children = (
				38AFB6271E9B0A8C005EB3B5 /* Calendar */,
				38AFB6411E9B0A8C005EB3B5 /* CalendarTests */,
				38AFB64C1E9B0A8C005EB3B5 /* CalendarUITests */,
				38AFB6261E9B0A8C005EB3B5 /* Products */,
			);
			sourceTree = "<group>";
		};
		38AFB6261E9B0A8C005EB3B5 /* Products */ = {
			isa = PBXGroup;
			children = (
				38AFB6251E9B0A8C005EB3B5 /* Calendar.app */,
				38AFB63E1E9B0A8C005EB3B5 /* CalendarTests.xctest */,
				38AFB6491E9B0A8C005EB3B5 /* CalendarUITests.xctest */,
			);
			name = Products;
			sourceTree = "<group>";
		};
		38AFB6271E9B0A8C005EB3B5 /* Calendar */ = {
			isa = PBXGroup;
			children = (
				38AFB6341E9B0A8C005EB3B5 /* Assets.xcassets */,
				38AFB34C1EA884A90023387A /* Category */,
				38AFB34D1EA884E80023387A /* Others */,
				38AFB66A1E9C758C005EB3B5 /* Model */,
				38AFB3491EA8820B0023387A /* ViewController */,
				38AFB34A1EA882980023387A /* View */,
				38AFB34B1EA883F00023387A /* StoryBoard */,
			);
			path = Calendar;
			sourceTree = "<group>";
		};
		38AFB6411E9B0A8C005EB3B5 /* CalendarTests */ = {
			isa = PBXGroup;
			children = (
				38AFB6421E9B0A8C005EB3B5 /* CalendarTests.m */,
				38AFB6441E9B0A8C005EB3B5 /* Info.plist */,
			);
			path = CalendarTests;
			sourceTree = "<group>";
		};
		38AFB64C1E9B0A8C005EB3B5 /* CalendarUITests */ = {
			isa = PBXGroup;
			children = (
				38AFB64D1E9B0A8C005EB3B5 /* CalendarUITests.m */,
				38AFB64F1E9B0A8C005EB3B5 /* Info.plist */,
			);
			path = CalendarUITests;
			sourceTree = "<group>";
		};
		38AFB66A1E9C758C005EB3B5 /* Model */ = {
			isa = PBXGroup;
			children = (
				38AFB6641E9C3690005EB3B5 /* CalendarLogic.h */,
				38AFB6651E9C3690005EB3B5 /* CalendarLogic.m */,
			);
			path = Model;
			sourceTree = "<group>";
		};
/* End PBXGroup section */

/* Begin PBXNativeTarget section */
		38AFB6241E9B0A8C005EB3B5 /* Calendar */ = {
			isa = PBXNativeTarget;
			buildConfigurationList = 38AFB6521E9B0A8C005EB3B5 /* Build configuration list for PBXNativeTarget "Calendar" */;
			buildPhases = (
				38AFB6211E9B0A8C005EB3B5 /* Sources */,
				38AFB6221E9B0A8C005EB3B5 /* Frameworks */,
				38AFB6231E9B0A8C005EB3B5 /* Resources */,
			);
			buildRules = (
			);
			dependencies = (
			);
			name = Calendar;
			productName = Calendar;
			productReference = 38AFB6251E9B0A8C005EB3B5 /* Calendar.app */;
			productType = "com.apple.product-type.application";
		};
		38AFB63D1E9B0A8C005EB3B5 /* CalendarTests */ = {
			isa = PBXNativeTarget;
			buildConfigurationList = 38AFB6551E9B0A8C005EB3B5 /* Build configuration list for PBXNativeTarget "CalendarTests" */;
			buildPhases = (
				38AFB63A1E9B0A8C005EB3B5 /* Sources */,
				38AFB63B1E9B0A8C005EB3B5 /* Frameworks */,
				38AFB63C1E9B0A8C005EB3B5 /* Resources */,
			);
			buildRules = (
			);
			dependencies = (
				38AFB6401E9B0A8C005EB3B5 /* PBXTargetDependency */,
			);
			name = CalendarTests;
			productName = CalendarTests;
			productReference = 38AFB63E1E9B0A8C005EB3B5 /* CalendarTests.xctest */;
			productType = "com.apple.product-type.bundle.unit-test";
		};
		38AFB6481E9B0A8C005EB3B5 /* CalendarUITests */ = {
			isa = PBXNativeTarget;
			buildConfigurationList = 38AFB6581E9B0A8C005EB3B5 /* Build configuration list for PBXNativeTarget "CalendarUITests" */;
			buildPhases = (
				38AFB6451E9B0A8C005EB3B5 /* Sources */,
				38AFB6461E9B0A8C005EB3B5 /* Frameworks */,
				38AFB6471E9B0A8C005EB3B5 /* Resources */,
			);
			buildRules = (
			);
			dependencies = (
				38AFB64B1E9B0A8C005EB3B5 /* PBXTargetDependency */,
			);
			name = CalendarUITests;
			productName = CalendarUITests;
			productReference = 38AFB6491E9B0A8C005EB3B5 /* CalendarUITests.xctest */;
			productType = "com.apple.product-type.bundle.ui-testing";
		};
/* End PBXNativeTarget section */

/* Begin PBXProject section */
		38AFB61D1E9B0A8C005EB3B5 /* Project object */ = {
			isa = PBXProject;
			attributes = {
				LastUpgradeCheck = 0820;
				ORGANIZATIONNAME = "Manami Ichikawa";
				TargetAttributes = {
					38AFB6241E9B0A8C005EB3B5 = {
						CreatedOnToolsVersion = 8.2.1;
						DevelopmentTeam = PCCZJUYRT6;
						ProvisioningStyle = Automatic;
					};
					38AFB63D1E9B0A8C005EB3B5 = {
						CreatedOnToolsVersion = 8.2.1;
						ProvisioningStyle = Automatic;
						TestTargetID = 38AFB6241E9B0A8C005EB3B5;
					};
					38AFB6481E9B0A8C005EB3B5 = {
						CreatedOnToolsVersion = 8.2.1;
						ProvisioningStyle = Automatic;
						TestTargetID = 38AFB6241E9B0A8C005EB3B5;
					};
				};
			};
			buildConfigurationList = 38AFB6201E9B0A8C005EB3B5 /* Build configuration list for PBXProject "Calendar" */;
			compatibilityVersion = "Xcode 3.2";
			developmentRegion = English;
			hasScannedForEncodings = 0;
			knownRegions = (
				en,
				Base,
			);
			mainGroup = 38AFB61C1E9B0A8C005EB3B5;
			productRefGroup = 38AFB6261E9B0A8C005EB3B5 /* Products */;
			projectDirPath = "";
			projectRoot = "";
			targets = (
				38AFB6241E9B0A8C005EB3B5 /* Calendar */,
				38AFB63D1E9B0A8C005EB3B5 /* CalendarTests */,
				38AFB6481E9B0A8C005EB3B5 /* CalendarUITests */,
			);
		};
/* End PBXProject section */

/* Begin PBXResourcesBuildPhase section */
		38AFB6231E9B0A8C005EB3B5 /* Resources */ = {
			isa = PBXResourcesBuildPhase;
			buildActionMask = 2147483647;
			files = (
				38AFB6351E9B0A8C005EB3B5 /* Assets.xcassets in Resources */,
				38AFB65F1E9B0C7A005EB3B5 /* DayCell.xib in Resources */,
				38AFB3541EA8A24D0023387A /* LaunchScreen.storyboard in Resources */,
				38AFB3521EA8A2200023387A /* Calendar.storyboard in Resources */,
			);
			runOnlyForDeploymentPostprocessing = 0;
		};
		38AFB63C1E9B0A8C005EB3B5 /* Resources */ = {
			isa = PBXResourcesBuildPhase;
			buildActionMask = 2147483647;
			files = (
			);
			runOnlyForDeploymentPostprocessing = 0;
		};
		38AFB6471E9B0A8C005EB3B5 /* Resources */ = {
			isa = PBXResourcesBuildPhase;
			buildActionMask = 2147483647;
			files = (
			);
			runOnlyForDeploymentPostprocessing = 0;
		};
/* End PBXResourcesBuildPhase section */

/* Begin PBXSourcesBuildPhase section */
		38AFB6211E9B0A8C005EB3B5 /* Sources */ = {
			isa = PBXSourcesBuildPhase;
			buildActionMask = 2147483647;
			files = (
				38F6E0C21E9F35BF00DD8BF4 /* NSDate+Calendar.m in Sources */,
				38AFB62D1E9B0A8C005EB3B5 /* AppDelegate.m in Sources */,
				38F6E0BF1E9F355400DD8BF4 /* NSString+Localizable.m in Sources */,
				38F6E0B31E9D1CBE00DD8BF4 /* CalendarViewDataSource.m in Sources */,
				38AFB3501EA8874C0023387A /* CalendarViewController.m in Sources */,
				38AFB65E1E9B0C7A005EB3B5 /* DayCell.m in Sources */,
				38AFB6661E9C3690005EB3B5 /* CalendarLogic.m in Sources */,
				38AFB62A1E9B0A8C005EB3B5 /* main.m in Sources */,
			);
			runOnlyForDeploymentPostprocessing = 0;
		};
		38AFB63A1E9B0A8C005EB3B5 /* Sources */ = {
			isa = PBXSourcesBuildPhase;
			buildActionMask = 2147483647;
			files = (
				38AFB6431E9B0A8C005EB3B5 /* CalendarTests.m in Sources */,
			);
			runOnlyForDeploymentPostprocessing = 0;
		};
		38AFB6451E9B0A8C005EB3B5 /* Sources */ = {
			isa = PBXSourcesBuildPhase;
			buildActionMask = 2147483647;
			files = (
				38AFB64E1E9B0A8C005EB3B5 /* CalendarUITests.m in Sources */,
			);
			runOnlyForDeploymentPostprocessing = 0;
		};
/* End PBXSourcesBuildPhase section */

/* Begin PBXTargetDependency section */
		38AFB6401E9B0A8C005EB3B5 /* PBXTargetDependency */ = {
			isa = PBXTargetDependency;
			target = 38AFB6241E9B0A8C005EB3B5 /* Calendar */;
			targetProxy = 38AFB63F1E9B0A8C005EB3B5 /* PBXContainerItemProxy */;
		};
		38AFB64B1E9B0A8C005EB3B5 /* PBXTargetDependency */ = {
			isa = PBXTargetDependency;
			target = 38AFB6241E9B0A8C005EB3B5 /* Calendar */;
			targetProxy = 38AFB64A1E9B0A8C005EB3B5 /* PBXContainerItemProxy */;
		};
/* End PBXTargetDependency section */

/* Begin XCBuildConfiguration section */
		38AFB6501E9B0A8C005EB3B5 /* Debug */ = {
			isa = XCBuildConfiguration;
			buildSettings = {
				ALWAYS_SEARCH_USER_PATHS = NO;
				CLANG_ANALYZER_NONNULL = YES;
				CLANG_CXX_LANGUAGE_STANDARD = "gnu++0x";
				CLANG_CXX_LIBRARY = "libc++";
				CLANG_ENABLE_MODULES = YES;
				CLANG_ENABLE_OBJC_ARC = YES;
				CLANG_WARN_BOOL_CONVERSION = YES;
				CLANG_WARN_CONSTANT_CONVERSION = YES;
				CLANG_WARN_DIRECT_OBJC_ISA_USAGE = YES_ERROR;
				CLANG_WARN_DOCUMENTATION_COMMENTS = YES;
				CLANG_WARN_EMPTY_BODY = YES;
				CLANG_WARN_ENUM_CONVERSION = YES;
				CLANG_WARN_INFINITE_RECURSION = YES;
				CLANG_WARN_INT_CONVERSION = YES;
				CLANG_WARN_OBJC_ROOT_CLASS = YES_ERROR;
				CLANG_WARN_SUSPICIOUS_MOVE = YES;
				CLANG_WARN_UNREACHABLE_CODE = YES;
				CLANG_WARN__DUPLICATE_METHOD_MATCH = YES;
				"CODE_SIGN_IDENTITY[sdk=iphoneos*]" = "iPhone Developer";
				COPY_PHASE_STRIP = NO;
				DEBUG_INFORMATION_FORMAT = dwarf;
				ENABLE_STRICT_OBJC_MSGSEND = YES;
				ENABLE_TESTABILITY = YES;
				GCC_C_LANGUAGE_STANDARD = gnu99;
				GCC_DYNAMIC_NO_PIC = NO;
				GCC_NO_COMMON_BLOCKS = YES;
				GCC_OPTIMIZATION_LEVEL = 0;
				GCC_PREPROCESSOR_DEFINITIONS = (
					"DEBUG=1",
					"$(inherited)",
				);
				GCC_WARN_64_TO_32_BIT_CONVERSION = YES;
				GCC_WARN_ABOUT_RETURN_TYPE = YES_ERROR;
				GCC_WARN_UNDECLARED_SELECTOR = YES;
				GCC_WARN_UNINITIALIZED_AUTOS = YES_AGGRESSIVE;
				GCC_WARN_UNUSED_FUNCTION = YES;
				GCC_WARN_UNUSED_VARIABLE = YES;
				IPHONEOS_DEPLOYMENT_TARGET = 10.2;
				MTL_ENABLE_DEBUG_INFO = YES;
				ONLY_ACTIVE_ARCH = YES;
				SDKROOT = iphoneos;
				TARGETED_DEVICE_FAMILY = "1,2";
			};
			name = Debug;
		};
		38AFB6511E9B0A8C005EB3B5 /* Release */ = {
			isa = XCBuildConfiguration;
			buildSettings = {
				ALWAYS_SEARCH_USER_PATHS = NO;
				CLANG_ANALYZER_NONNULL = YES;
				CLANG_CXX_LANGUAGE_STANDARD = "gnu++0x";
				CLANG_CXX_LIBRARY = "libc++";
				CLANG_ENABLE_MODULES = YES;
				CLANG_ENABLE_OBJC_ARC = YES;
				CLANG_WARN_BOOL_CONVERSION = YES;
				CLANG_WARN_CONSTANT_CONVERSION = YES;
				CLANG_WARN_DIRECT_OBJC_ISA_USAGE = YES_ERROR;
				CLANG_WARN_DOCUMENTATION_COMMENTS = YES;
				CLANG_WARN_EMPTY_BODY = YES;
				CLANG_WARN_ENUM_CONVERSION = YES;
				CLANG_WARN_INFINITE_RECURSION = YES;
				CLANG_WARN_INT_CONVERSION = YES;
				CLANG_WARN_OBJC_ROOT_CLASS = YES_ERROR;
				CLANG_WARN_SUSPICIOUS_MOVE = YES;
				CLANG_WARN_UNREACHABLE_CODE = YES;
				CLANG_WARN__DUPLICATE_METHOD_MATCH = YES;
				"CODE_SIGN_IDENTITY[sdk=iphoneos*]" = "iPhone Developer";
				COPY_PHASE_STRIP = NO;
				DEBUG_INFORMATION_FORMAT = "dwarf-with-dsym";
				ENABLE_NS_ASSERTIONS = NO;
				ENABLE_STRICT_OBJC_MSGSEND = YES;
				GCC_C_LANGUAGE_STANDARD = gnu99;
				GCC_NO_COMMON_BLOCKS = YES;
				GCC_WARN_64_TO_32_BIT_CONVERSION = YES;
				GCC_WARN_ABOUT_RETURN_TYPE = YES_ERROR;
				GCC_WARN_UNDECLARED_SELECTOR = YES;
				GCC_WARN_UNINITIALIZED_AUTOS = YES_AGGRESSIVE;
				GCC_WARN_UNUSED_FUNCTION = YES;
				GCC_WARN_UNUSED_VARIABLE = YES;
				IPHONEOS_DEPLOYMENT_TARGET = 10.2;
				MTL_ENABLE_DEBUG_INFO = NO;
				SDKROOT = iphoneos;
				TARGETED_DEVICE_FAMILY = "1,2";
				VALIDATE_PRODUCT = YES;
			};
			name = Release;
		};
		38AFB6531E9B0A8C005EB3B5 /* Debug */ = {
			isa = XCBuildConfiguration;
			buildSettings = {
				ASSETCATALOG_COMPILER_APPICON_NAME = AppIcon;
				DEVELOPMENT_TEAM = PCCZJUYRT6;
				INFOPLIST_FILE = Calendar/Others/Info.plist;
				LD_RUNPATH_SEARCH_PATHS = "$(inherited) @executable_path/Frameworks";
				PRODUCT_BUNDLE_IDENTIFIER = edu.myself.Calendar;
				PRODUCT_NAME = "$(TARGET_NAME)";
			};
			name = Debug;
		};
		38AFB6541E9B0A8C005EB3B5 /* Release */ = {
			isa = XCBuildConfiguration;
			buildSettings = {
				ASSETCATALOG_COMPILER_APPICON_NAME = AppIcon;
				DEVELOPMENT_TEAM = PCCZJUYRT6;
				INFOPLIST_FILE = Calendar/Others/Info.plist;
				LD_RUNPATH_SEARCH_PATHS = "$(inherited) @executable_path/Frameworks";
				PRODUCT_BUNDLE_IDENTIFIER = edu.myself.Calendar;
				PRODUCT_NAME = "$(TARGET_NAME)";
			};
			name = Release;
		};
		38AFB6561E9B0A8C005EB3B5 /* Debug */ = {
			isa = XCBuildConfiguration;
			buildSettings = {
				BUNDLE_LOADER = "$(TEST_HOST)";
				INFOPLIST_FILE = CalendarTests/Info.plist;
				LD_RUNPATH_SEARCH_PATHS = "$(inherited) @executable_path/Frameworks @loader_path/Frameworks";
				PRODUCT_BUNDLE_IDENTIFIER = edu.myself.CalendarTests;
				PRODUCT_NAME = "$(TARGET_NAME)";
				TEST_HOST = "$(BUILT_PRODUCTS_DIR)/Calendar.app/Calendar";
			};
			name = Debug;
		};
		38AFB6571E9B0A8C005EB3B5 /* Release */ = {
			isa = XCBuildConfiguration;
			buildSettings = {
				BUNDLE_LOADER = "$(TEST_HOST)";
				INFOPLIST_FILE = CalendarTests/Info.plist;
				LD_RUNPATH_SEARCH_PATHS = "$(inherited) @executable_path/Frameworks @loader_path/Frameworks";
				PRODUCT_BUNDLE_IDENTIFIER = edu.myself.CalendarTests;
				PRODUCT_NAME = "$(TARGET_NAME)";
				TEST_HOST = "$(BUILT_PRODUCTS_DIR)/Calendar.app/Calendar";
			};
			name = Release;
		};
		38AFB6591E9B0A8C005EB3B5 /* Debug */ = {
			isa = XCBuildConfiguration;
			buildSettings = {
				INFOPLIST_FILE = CalendarUITests/Info.plist;
				LD_RUNPATH_SEARCH_PATHS = "$(inherited) @executable_path/Frameworks @loader_path/Frameworks";
				PRODUCT_BUNDLE_IDENTIFIER = edu.myself.CalendarUITests;
				PRODUCT_NAME = "$(TARGET_NAME)";
				TEST_TARGET_NAME = Calendar;
			};
			name = Debug;
		};
		38AFB65A1E9B0A8C005EB3B5 /* Release */ = {
			isa = XCBuildConfiguration;
			buildSettings = {
				INFOPLIST_FILE = CalendarUITests/Info.plist;
				LD_RUNPATH_SEARCH_PATHS = "$(inherited) @executable_path/Frameworks @loader_path/Frameworks";
				PRODUCT_BUNDLE_IDENTIFIER = edu.myself.CalendarUITests;
				PRODUCT_NAME = "$(TARGET_NAME)";
				TEST_TARGET_NAME = Calendar;
			};
			name = Release;
		};
/* End XCBuildConfiguration section */

/* Begin XCConfigurationList section */
		38AFB6201E9B0A8C005EB3B5 /* Build configuration list for PBXProject "Calendar" */ = {
			isa = XCConfigurationList;
			buildConfigurations = (
				38AFB6501E9B0A8C005EB3B5 /* Debug */,
				38AFB6511E9B0A8C005EB3B5 /* Release */,
			);
			defaultConfigurationIsVisible = 0;
			defaultConfigurationName = Release;
		};
		38AFB6521E9B0A8C005EB3B5 /* Build configuration list for PBXNativeTarget "Calendar" */ = {
			isa = XCConfigurationList;
			buildConfigurations = (
				38AFB6531E9B0A8C005EB3B5 /* Debug */,
				38AFB6541E9B0A8C005EB3B5 /* Release */,
			);
			defaultConfigurationIsVisible = 0;
			defaultConfigurationName = Release;
		};
		38AFB6551E9B0A8C005EB3B5 /* Build configuration list for PBXNativeTarget "CalendarTests" */ = {
			isa = XCConfigurationList;
			buildConfigurations = (
				38AFB6561E9B0A8C005EB3B5 /* Debug */,
				38AFB6571E9B0A8C005EB3B5 /* Release */,
			);
			defaultConfigurationIsVisible = 0;
			defaultConfigurationName = Release;
		};
		38AFB6581E9B0A8C005EB3B5 /* Build configuration list for PBXNativeTarget "CalendarUITests" */ = {
			isa = XCConfigurationList;
			buildConfigurations = (
				38AFB6591E9B0A8C005EB3B5 /* Debug */,
				38AFB65A1E9B0A8C005EB3B5 /* Release */,
			);
			defaultConfigurationIsVisible = 0;
			defaultConfigurationName = Release;
		};
/* End XCConfigurationList section */
	};
	rootObject = 38AFB61D1E9B0A8C005EB3B5 /* Project object */;
}
