// !$*UTF8*$!
{
	archiveVersion = 1;
	classes = {
	};
	objectVersion = 46;
	objects = {

/* Begin PBXBuildFile section */
		38AFB19E1EA8476D0023387A /* main.m in Sources */ = {isa = PBXBuildFile; fileRef = 38AFB19D1EA8476D0023387A /* main.m */; };
		38AFB1A11EA8476D0023387A /* AppDelegate.m in Sources */ = {isa = PBXBuildFile; fileRef = 38AFB1A01EA8476D0023387A /* AppDelegate.m */; };
		38AFB1A41EA8476D0023387A /* ViewController.m in Sources */ = {isa = PBXBuildFile; fileRef = 38AFB1A31EA8476D0023387A /* ViewController.m */; };
		38AFB1A71EA8476D0023387A /* Main.storyboard in Resources */ = {isa = PBXBuildFile; fileRef = 38AFB1A51EA8476D0023387A /* Main.storyboard */; };
		38AFB1A91EA8476D0023387A /* Assets.xcassets in Resources */ = {isa = PBXBuildFile; fileRef = 38AFB1A81EA8476D0023387A /* Assets.xcassets */; };
		38AFB1AC1EA8476D0023387A /* LaunchScreen.storyboard in Resources */ = {isa = PBXBuildFile; fileRef = 38AFB1AA1EA8476D0023387A /* LaunchScreen.storyboard */; };
		38AFB1B71EA8476D0023387A /* AutoLayout6Tests.m in Sources */ = {isa = PBXBuildFile; fileRef = 38AFB1B61EA8476D0023387A /* AutoLayout6Tests.m */; };
		38AFB1C21EA8476D0023387A /* AutoLayout6UITests.m in Sources */ = {isa = PBXBuildFile; fileRef = 38AFB1C11EA8476D0023387A /* AutoLayout6UITests.m */; };
/* End PBXBuildFile section */

/* Begin PBXContainerItemProxy section */
		38AFB1B31EA8476D0023387A /* PBXContainerItemProxy */ = {
			isa = PBXContainerItemProxy;
			containerPortal = 38AFB1911EA8476D0023387A /* Project object */;
			proxyType = 1;
			remoteGlobalIDString = 38AFB1981EA8476D0023387A;
			remoteInfo = AutoLayout6;
		};
		38AFB1BE1EA8476D0023387A /* PBXContainerItemProxy */ = {
			isa = PBXContainerItemProxy;
			containerPortal = 38AFB1911EA8476D0023387A /* Project object */;
			proxyType = 1;
			remoteGlobalIDString = 38AFB1981EA8476D0023387A;
			remoteInfo = AutoLayout6;
		};
/* End PBXContainerItemProxy section */

/* Begin PBXFileReference section */
		38AFB1991EA8476D0023387A /* AutoLayout6.app */ = {isa = PBXFileReference; explicitFileType = wrapper.application; includeInIndex = 0; path = AutoLayout6.app; sourceTree = BUILT_PRODUCTS_DIR; };
		38AFB19D1EA8476D0023387A /* main.m */ = {isa = PBXFileReference; lastKnownFileType = sourcecode.c.objc; path = main.m; sourceTree = "<group>"; };
		38AFB19F1EA8476D0023387A /* AppDelegate.h */ = {isa = PBXFileReference; lastKnownFileType = sourcecode.c.h; path = AppDelegate.h; sourceTree = "<group>"; };
		38AFB1A01EA8476D0023387A /* AppDelegate.m */ = {isa = PBXFileReference; lastKnownFileType = sourcecode.c.objc; path = AppDelegate.m; sourceTree = "<group>"; };
		38AFB1A21EA8476D0023387A /* ViewController.h */ = {isa = PBXFileReference; lastKnownFileType = sourcecode.c.h; path = ViewController.h; sourceTree = "<group>"; };
		38AFB1A31EA8476D0023387A /* ViewController.m */ = {isa = PBXFileReference; lastKnownFileType = sourcecode.c.objc; path = ViewController.m; sourceTree = "<group>"; };
		38AFB1A61EA8476D0023387A /* Base */ = {isa = PBXFileReference; lastKnownFileType = file.storyboard; name = Base; path = Base.lproj/Main.storyboard; sourceTree = "<group>"; };
		38AFB1A81EA8476D0023387A /* Assets.xcassets */ = {isa = PBXFileReference; lastKnownFileType = folder.assetcatalog; path = Assets.xcassets; sourceTree = "<group>"; };
		38AFB1AB1EA8476D0023387A /* Base */ = {isa = PBXFileReference; lastKnownFileType = file.storyboard; name = Base; path = Base.lproj/LaunchScreen.storyboard; sourceTree = "<group>"; };
		38AFB1AD1EA8476D0023387A /* Info.plist */ = {isa = PBXFileReference; lastKnownFileType = text.plist.xml; path = Info.plist; sourceTree = "<group>"; };
		38AFB1B21EA8476D0023387A /* AutoLayout6Tests.xctest */ = {isa = PBXFileReference; explicitFileType = wrapper.cfbundle; includeInIndex = 0; path = AutoLayout6Tests.xctest; sourceTree = BUILT_PRODUCTS_DIR; };
		38AFB1B61EA8476D0023387A /* AutoLayout6Tests.m */ = {isa = PBXFileReference; lastKnownFileType = sourcecode.c.objc; path = AutoLayout6Tests.m; sourceTree = "<group>"; };
		38AFB1B81EA8476D0023387A /* Info.plist */ = {isa = PBXFileReference; lastKnownFileType = text.plist.xml; path = Info.plist; sourceTree = "<group>"; };
		38AFB1BD1EA8476D0023387A /* AutoLayout6UITests.xctest */ = {isa = PBXFileReference; explicitFileType = wrapper.cfbundle; includeInIndex = 0; path = AutoLayout6UITests.xctest; sourceTree = BUILT_PRODUCTS_DIR; };
		38AFB1C11EA8476D0023387A /* AutoLayout6UITests.m */ = {isa = PBXFileReference; lastKnownFileType = sourcecode.c.objc; path = AutoLayout6UITests.m; sourceTree = "<group>"; };
		38AFB1C31EA8476D0023387A /* Info.plist */ = {isa = PBXFileReference; lastKnownFileType = text.plist.xml; path = Info.plist; sourceTree = "<group>"; };
/* End PBXFileReference section */

/* Begin PBXFrameworksBuildPhase section */
		38AFB1961EA8476D0023387A /* Frameworks */ = {
			isa = PBXFrameworksBuildPhase;
			buildActionMask = 2147483647;
			files = (
			);
			runOnlyForDeploymentPostprocessing = 0;
		};
		38AFB1AF1EA8476D0023387A /* Frameworks */ = {
			isa = PBXFrameworksBuildPhase;
			buildActionMask = 2147483647;
			files = (
			);
			runOnlyForDeploymentPostprocessing = 0;
		};
		38AFB1BA1EA8476D0023387A /* Frameworks */ = {
			isa = PBXFrameworksBuildPhase;
			buildActionMask = 2147483647;
			files = (
			);
			runOnlyForDeploymentPostprocessing = 0;
		};
/* End PBXFrameworksBuildPhase section */

/* Begin PBXGroup section */
		38AFB1901EA8476D0023387A = {
			isa = PBXGroup;
			children = (
				38AFB19B1EA8476D0023387A /* AutoLayout6 */,
				38AFB1B51EA8476D0023387A /* AutoLayout6Tests */,
				38AFB1C01EA8476D0023387A /* AutoLayout6UITests */,
				38AFB19A1EA8476D0023387A /* Products */,
			);
			sourceTree = "<group>";
		};
		38AFB19A1EA8476D0023387A /* Products */ = {
			isa = PBXGroup;
			children = (
				38AFB1991EA8476D0023387A /* AutoLayout6.app */,
				38AFB1B21EA8476D0023387A /* AutoLayout6Tests.xctest */,
				38AFB1BD1EA8476D0023387A /* AutoLayout6UITests.xctest */,
			);
			name = Products;
			sourceTree = "<group>";
		};
		38AFB19B1EA8476D0023387A /* AutoLayout6 */ = {
			isa = PBXGroup;
			children = (
				38AFB19F1EA8476D0023387A /* AppDelegate.h */,
				38AFB1A01EA8476D0023387A /* AppDelegate.m */,
				38AFB1A21EA8476D0023387A /* ViewController.h */,
				38AFB1A31EA8476D0023387A /* ViewController.m */,
				38AFB1A51EA8476D0023387A /* Main.storyboard */,
				38AFB1A81EA8476D0023387A /* Assets.xcassets */,
				38AFB1AA1EA8476D0023387A /* LaunchScreen.storyboard */,
				38AFB1AD1EA8476D0023387A /* Info.plist */,
				38AFB19C1EA8476D0023387A /* Supporting Files */,
			);
			path = AutoLayout6;
			sourceTree = "<group>";
		};
		38AFB19C1EA8476D0023387A /* Supporting Files */ = {
			isa = PBXGroup;
			children = (
				38AFB19D1EA8476D0023387A /* main.m */,
			);
			name = "Supporting Files";
			sourceTree = "<group>";
		};
		38AFB1B51EA8476D0023387A /* AutoLayout6Tests */ = {
			isa = PBXGroup;
			children = (
				38AFB1B61EA8476D0023387A /* AutoLayout6Tests.m */,
				38AFB1B81EA8476D0023387A /* Info.plist */,
			);
			path = AutoLayout6Tests;
			sourceTree = "<group>";
		};
		38AFB1C01EA8476D0023387A /* AutoLayout6UITests */ = {
			isa = PBXGroup;
			children = (
				38AFB1C11EA8476D0023387A /* AutoLayout6UITests.m */,
				38AFB1C31EA8476D0023387A /* Info.plist */,
			);
			path = AutoLayout6UITests;
			sourceTree = "<group>";
		};
/* End PBXGroup section */

/* Begin PBXNativeTarget section */
		38AFB1981EA8476D0023387A /* AutoLayout6 */ = {
			isa = PBXNativeTarget;
			buildConfigurationList = 38AFB1C61EA8476D0023387A /* Build configuration list for PBXNativeTarget "AutoLayout6" */;
			buildPhases = (
				38AFB1951EA8476D0023387A /* Sources */,
				38AFB1961EA8476D0023387A /* Frameworks */,
				38AFB1971EA8476D0023387A /* Resources */,
			);
			buildRules = (
			);
			dependencies = (
			);
			name = AutoLayout6;
			productName = AutoLayout6;
			productReference = 38AFB1991EA8476D0023387A /* AutoLayout6.app */;
			productType = "com.apple.product-type.application";
		};
		38AFB1B11EA8476D0023387A /* AutoLayout6Tests */ = {
			isa = PBXNativeTarget;
			buildConfigurationList = 38AFB1C91EA8476D0023387A /* Build configuration list for PBXNativeTarget "AutoLayout6Tests" */;
			buildPhases = (
				38AFB1AE1EA8476D0023387A /* Sources */,
				38AFB1AF1EA8476D0023387A /* Frameworks */,
				38AFB1B01EA8476D0023387A /* Resources */,
			);
			buildRules = (
			);
			dependencies = (
				38AFB1B41EA8476D0023387A /* PBXTargetDependency */,
			);
			name = AutoLayout6Tests;
			productName = AutoLayout6Tests;
			productReference = 38AFB1B21EA8476D0023387A /* AutoLayout6Tests.xctest */;
			productType = "com.apple.product-type.bundle.unit-test";
		};
		38AFB1BC1EA8476D0023387A /* AutoLayout6UITests */ = {
			isa = PBXNativeTarget;
			buildConfigurationList = 38AFB1CC1EA8476D0023387A /* Build configuration list for PBXNativeTarget "AutoLayout6UITests" */;
			buildPhases = (
				38AFB1B91EA8476D0023387A /* Sources */,
				38AFB1BA1EA8476D0023387A /* Frameworks */,
				38AFB1BB1EA8476D0023387A /* Resources */,
			);
			buildRules = (
			);
			dependencies = (
				38AFB1BF1EA8476D0023387A /* PBXTargetDependency */,
			);
			name = AutoLayout6UITests;
			productName = AutoLayout6UITests;
			productReference = 38AFB1BD1EA8476D0023387A /* AutoLayout6UITests.xctest */;
			productType = "com.apple.product-type.bundle.ui-testing";
		};
/* End PBXNativeTarget section */

/* Begin PBXProject section */
		38AFB1911EA8476D0023387A /* Project object */ = {
			isa = PBXProject;
			attributes = {
				LastUpgradeCheck = 0820;
				ORGANIZATIONNAME = "Manami Ichikawa";
				TargetAttributes = {
					38AFB1981EA8476D0023387A = {
						CreatedOnToolsVersion = 8.2.1;
						ProvisioningStyle = Automatic;
					};
					38AFB1B11EA8476D0023387A = {
						CreatedOnToolsVersion = 8.2.1;
						ProvisioningStyle = Automatic;
						TestTargetID = 38AFB1981EA8476D0023387A;
					};
					38AFB1BC1EA8476D0023387A = {
						CreatedOnToolsVersion = 8.2.1;
						ProvisioningStyle = Automatic;
						TestTargetID = 38AFB1981EA8476D0023387A;
					};
				};
			};
			buildConfigurationList = 38AFB1941EA8476D0023387A /* Build configuration list for PBXProject "AutoLayout6" */;
			compatibilityVersion = "Xcode 3.2";
			developmentRegion = English;
			hasScannedForEncodings = 0;
			knownRegions = (
				en,
				Base,
			);
			mainGroup = 38AFB1901EA8476D0023387A;
			productRefGroup = 38AFB19A1EA8476D0023387A /* Products */;
			projectDirPath = "";
			projectRoot = "";
			targets = (
				38AFB1981EA8476D0023387A /* AutoLayout6 */,
				38AFB1B11EA8476D0023387A /* AutoLayout6Tests */,
				38AFB1BC1EA8476D0023387A /* AutoLayout6UITests */,
			);
		};
/* End PBXProject section */

/* Begin PBXResourcesBuildPhase section */
		38AFB1971EA8476D0023387A /* Resources */ = {
			isa = PBXResourcesBuildPhase;
			buildActionMask = 2147483647;
			files = (
				38AFB1AC1EA8476D0023387A /* LaunchScreen.storyboard in Resources */,
				38AFB1A91EA8476D0023387A /* Assets.xcassets in Resources */,
				38AFB1A71EA8476D0023387A /* Main.storyboard in Resources */,
			);
			runOnlyForDeploymentPostprocessing = 0;
		};
		38AFB1B01EA8476D0023387A /* Resources */ = {
			isa = PBXResourcesBuildPhase;
			buildActionMask = 2147483647;
			files = (
			);
			runOnlyForDeploymentPostprocessing = 0;
		};
		38AFB1BB1EA8476D0023387A /* Resources */ = {
			isa = PBXResourcesBuildPhase;
			buildActionMask = 2147483647;
			files = (
			);
			runOnlyForDeploymentPostprocessing = 0;
		};
/* End PBXResourcesBuildPhase section */

/* Begin PBXSourcesBuildPhase section */
		38AFB1951EA8476D0023387A /* Sources */ = {
			isa = PBXSourcesBuildPhase;
			buildActionMask = 2147483647;
			files = (
				38AFB1A41EA8476D0023387A /* ViewController.m in Sources */,
				38AFB1A11EA8476D0023387A /* AppDelegate.m in Sources */,
				38AFB19E1EA8476D0023387A /* main.m in Sources */,
			);
			runOnlyForDeploymentPostprocessing = 0;
		};
		38AFB1AE1EA8476D0023387A /* Sources */ = {
			isa = PBXSourcesBuildPhase;
			buildActionMask = 2147483647;
			files = (
				38AFB1B71EA8476D0023387A /* AutoLayout6Tests.m in Sources */,
			);
			runOnlyForDeploymentPostprocessing = 0;
		};
		38AFB1B91EA8476D0023387A /* Sources */ = {
			isa = PBXSourcesBuildPhase;
			buildActionMask = 2147483647;
			files = (
				38AFB1C21EA8476D0023387A /* AutoLayout6UITests.m in Sources */,
			);
			runOnlyForDeploymentPostprocessing = 0;
		};
/* End PBXSourcesBuildPhase section */

/* Begin PBXTargetDependency section */
		38AFB1B41EA8476D0023387A /* PBXTargetDependency */ = {
			isa = PBXTargetDependency;
			target = 38AFB1981EA8476D0023387A /* AutoLayout6 */;
			targetProxy = 38AFB1B31EA8476D0023387A /* PBXContainerItemProxy */;
		};
		38AFB1BF1EA8476D0023387A /* PBXTargetDependency */ = {
			isa = PBXTargetDependency;
			target = 38AFB1981EA8476D0023387A /* AutoLayout6 */;
			targetProxy = 38AFB1BE1EA8476D0023387A /* PBXContainerItemProxy */;
		};
/* End PBXTargetDependency section */

/* Begin PBXVariantGroup section */
		38AFB1A51EA8476D0023387A /* Main.storyboard */ = {
			isa = PBXVariantGroup;
			children = (
				38AFB1A61EA8476D0023387A /* Base */,
			);
			name = Main.storyboard;
			sourceTree = "<group>";
		};
		38AFB1AA1EA8476D0023387A /* LaunchScreen.storyboard */ = {
			isa = PBXVariantGroup;
			children = (
				38AFB1AB1EA8476D0023387A /* Base */,
			);
			name = LaunchScreen.storyboard;
			sourceTree = "<group>";
		};
/* End PBXVariantGroup section */

/* Begin XCBuildConfiguration section */
		38AFB1C41EA8476D0023387A /* Debug */ = {
			isa = XCBuildConfiguration;
			buildSettings = {
				ALWAYS_SEARCH_USER_PATHS = NO;
				CLANG_ANALYZER_NONNULL = YES;
				CLANG_CXX_LANGUAGE_STANDARD = "gnu++0x";
				CLANG_CXX_LIBRARY = "libc++";
				CLANG_ENABLE_MODULES = YES;
				CLANG_ENABLE_OBJC_ARC = YES;
				CLANG_WARN_BOOL_CONVERSION = YES;
				CLANG_WARN_CONSTANT_CONVERSION = YES;
				CLANG_WARN_DIRECT_OBJC_ISA_USAGE = YES_ERROR;
				CLANG_WARN_DOCUMENTATION_COMMENTS = YES;
				CLANG_WARN_EMPTY_BODY = YES;
				CLANG_WARN_ENUM_CONVERSION = YES;
				CLANG_WARN_INFINITE_RECURSION = YES;
				CLANG_WARN_INT_CONVERSION = YES;
				CLANG_WARN_OBJC_ROOT_CLASS = YES_ERROR;
				CLANG_WARN_SUSPICIOUS_MOVE = YES;
				CLANG_WARN_UNREACHABLE_CODE = YES;
				CLANG_WARN__DUPLICATE_METHOD_MATCH = YES;
				"CODE_SIGN_IDENTITY[sdk=iphoneos*]" = "iPhone Developer";
				COPY_PHASE_STRIP = NO;
				DEBUG_INFORMATION_FORMAT = dwarf;
				ENABLE_STRICT_OBJC_MSGSEND = YES;
				ENABLE_TESTABILITY = YES;
				GCC_C_LANGUAGE_STANDARD = gnu99;
				GCC_DYNAMIC_NO_PIC = NO;
				GCC_NO_COMMON_BLOCKS = YES;
				GCC_OPTIMIZATION_LEVEL = 0;
				GCC_PREPROCESSOR_DEFINITIONS = (
					"DEBUG=1",
					"$(inherited)",
				);
				GCC_WARN_64_TO_32_BIT_CONVERSION = YES;
				GCC_WARN_ABOUT_RETURN_TYPE = YES_ERROR;
				GCC_WARN_UNDECLARED_SELECTOR = YES;
				GCC_WARN_UNINITIALIZED_AUTOS = YES_AGGRESSIVE;
				GCC_WARN_UNUSED_FUNCTION = YES;
				GCC_WARN_UNUSED_VARIABLE = YES;
				IPHONEOS_DEPLOYMENT_TARGET = 10.2;
				MTL_ENABLE_DEBUG_INFO = YES;
				ONLY_ACTIVE_ARCH = YES;
				SDKROOT = iphoneos;
				TARGETED_DEVICE_FAMILY = "1,2";
			};
			name = Debug;
		};
		38AFB1C51EA8476D0023387A /* Release */ = {
			isa = XCBuildConfiguration;
			buildSettings = {
				ALWAYS_SEARCH_USER_PATHS = NO;
				CLANG_ANALYZER_NONNULL = YES;
				CLANG_CXX_LANGUAGE_STANDARD = "gnu++0x";
				CLANG_CXX_LIBRARY = "libc++";
				CLANG_ENABLE_MODULES = YES;
				CLANG_ENABLE_OBJC_ARC = YES;
				CLANG_WARN_BOOL_CONVERSION = YES;
				CLANG_WARN_CONSTANT_CONVERSION = YES;
				CLANG_WARN_DIRECT_OBJC_ISA_USAGE = YES_ERROR;
				CLANG_WARN_DOCUMENTATION_COMMENTS = YES;
				CLANG_WARN_EMPTY_BODY = YES;
				CLANG_WARN_ENUM_CONVERSION = YES;
				CLANG_WARN_INFINITE_RECURSION = YES;
				CLANG_WARN_INT_CONVERSION = YES;
				CLANG_WARN_OBJC_ROOT_CLASS = YES_ERROR;
				CLANG_WARN_SUSPICIOUS_MOVE = YES;
				CLANG_WARN_UNREACHABLE_CODE = YES;
				CLANG_WARN__DUPLICATE_METHOD_MATCH = YES;
				"CODE_SIGN_IDENTITY[sdk=iphoneos*]" = "iPhone Developer";
				COPY_PHASE_STRIP = NO;
				DEBUG_INFORMATION_FORMAT = "dwarf-with-dsym";
				ENABLE_NS_ASSERTIONS = NO;
				ENABLE_STRICT_OBJC_MSGSEND = YES;
				GCC_C_LANGUAGE_STANDARD = gnu99;
				GCC_NO_COMMON_BLOCKS = YES;
				GCC_WARN_64_TO_32_BIT_CONVERSION = YES;
				GCC_WARN_ABOUT_RETURN_TYPE = YES_ERROR;
				GCC_WARN_UNDECLARED_SELECTOR = YES;
				GCC_WARN_UNINITIALIZED_AUTOS = YES_AGGRESSIVE;
				GCC_WARN_UNUSED_FUNCTION = YES;
				GCC_WARN_UNUSED_VARIABLE = YES;
				IPHONEOS_DEPLOYMENT_TARGET = 10.2;
				MTL_ENABLE_DEBUG_INFO = NO;
				SDKROOT = iphoneos;
				TARGETED_DEVICE_FAMILY = "1,2";
				VALIDATE_PRODUCT = YES;
			};
			name = Release;
		};
		38AFB1C71EA8476D0023387A /* Debug */ = {
			isa = XCBuildConfiguration;
			buildSettings = {
				ASSETCATALOG_COMPILER_APPICON_NAME = AppIcon;
				INFOPLIST_FILE = AutoLayout6/Info.plist;
				LD_RUNPATH_SEARCH_PATHS = "$(inherited) @executable_path/Frameworks";
				PRODUCT_BUNDLE_IDENTIFIER = edu.myself.AutoLayout6;
				PRODUCT_NAME = "$(TARGET_NAME)";
			};
			name = Debug;
		};
		38AFB1C81EA8476D0023387A /* Release */ = {
			isa = XCBuildConfiguration;
			buildSettings = {
				ASSETCATALOG_COMPILER_APPICON_NAME = AppIcon;
				INFOPLIST_FILE = AutoLayout6/Info.plist;
				LD_RUNPATH_SEARCH_PATHS = "$(inherited) @executable_path/Frameworks";
				PRODUCT_BUNDLE_IDENTIFIER = edu.myself.AutoLayout6;
				PRODUCT_NAME = "$(TARGET_NAME)";
			};
			name = Release;
		};
		38AFB1CA1EA8476D0023387A /* Debug */ = {
			isa = XCBuildConfiguration;
			buildSettings = {
				BUNDLE_LOADER = "$(TEST_HOST)";
				INFOPLIST_FILE = AutoLayout6Tests/Info.plist;
				LD_RUNPATH_SEARCH_PATHS = "$(inherited) @executable_path/Frameworks @loader_path/Frameworks";
				PRODUCT_BUNDLE_IDENTIFIER = edu.myself.AutoLayout6Tests;
				PRODUCT_NAME = "$(TARGET_NAME)";
				TEST_HOST = "$(BUILT_PRODUCTS_DIR)/AutoLayout6.app/AutoLayout6";
			};
			name = Debug;
		};
		38AFB1CB1EA8476D0023387A /* Release */ = {
			isa = XCBuildConfiguration;
			buildSettings = {
				BUNDLE_LOADER = "$(TEST_HOST)";
				INFOPLIST_FILE = AutoLayout6Tests/Info.plist;
				LD_RUNPATH_SEARCH_PATHS = "$(inherited) @executable_path/Frameworks @loader_path/Frameworks";
				PRODUCT_BUNDLE_IDENTIFIER = edu.myself.AutoLayout6Tests;
				PRODUCT_NAME = "$(TARGET_NAME)";
				TEST_HOST = "$(BUILT_PRODUCTS_DIR)/AutoLayout6.app/AutoLayout6";
			};
			name = Release;
		};
		38AFB1CD1EA8476D0023387A /* Debug */ = {
			isa = XCBuildConfiguration;
			buildSettings = {
				INFOPLIST_FILE = AutoLayout6UITests/Info.plist;
				LD_RUNPATH_SEARCH_PATHS = "$(inherited) @executable_path/Frameworks @loader_path/Frameworks";
				PRODUCT_BUNDLE_IDENTIFIER = edu.myself.AutoLayout6UITests;
				PRODUCT_NAME = "$(TARGET_NAME)";
				TEST_TARGET_NAME = AutoLayout6;
			};
			name = Debug;
		};
		38AFB1CE1EA8476D0023387A /* Release */ = {
			isa = XCBuildConfiguration;
			buildSettings = {
				INFOPLIST_FILE = AutoLayout6UITests/Info.plist;
				LD_RUNPATH_SEARCH_PATHS = "$(inherited) @executable_path/Frameworks @loader_path/Frameworks";
				PRODUCT_BUNDLE_IDENTIFIER = edu.myself.AutoLayout6UITests;
				PRODUCT_NAME = "$(TARGET_NAME)";
				TEST_TARGET_NAME = AutoLayout6;
			};
			name = Release;
		};
/* End XCBuildConfiguration section */

/* Begin XCConfigurationList section */
		38AFB1941EA8476D0023387A /* Build configuration list for PBXProject "AutoLayout6" */ = {
			isa = XCConfigurationList;
			buildConfigurations = (
				38AFB1C41EA8476D0023387A /* Debug */,
				38AFB1C51EA8476D0023387A /* Release */,
			);
			defaultConfigurationIsVisible = 0;
			defaultConfigurationName = Release;
		};
		38AFB1C61EA8476D0023387A /* Build configuration list for PBXNativeTarget "AutoLayout6" */ = {
			isa = XCConfigurationList;
			buildConfigurations = (
				38AFB1C71EA8476D0023387A /* Debug */,
				38AFB1C81EA8476D0023387A /* Release */,
			);
			defaultConfigurationIsVisible = 0;
		};
		38AFB1C91EA8476D0023387A /* Build configuration list for PBXNativeTarget "AutoLayout6Tests" */ = {
			isa = XCConfigurationList;
			buildConfigurations = (
				38AFB1CA1EA8476D0023387A /* Debug */,
				38AFB1CB1EA8476D0023387A /* Release */,
			);
			defaultConfigurationIsVisible = 0;
		};
		38AFB1CC1EA8476D0023387A /* Build configuration list for PBXNativeTarget "AutoLayout6UITests" */ = {
			isa = XCConfigurationList;
			buildConfigurations = (
				38AFB1CD1EA8476D0023387A /* Debug */,
				38AFB1CE1EA8476D0023387A /* Release */,
			);
			defaultConfigurationIsVisible = 0;
		};
/* End XCConfigurationList section */
	};
	rootObject = 38AFB1911EA8476D0023387A /* Project object */;
}
